
Microsoft Visual Studio Solution File, Format Version 12.00
# Visual Studio Version 17
VisualStudioVersion = 17.5.002.0
MinimumVisualStudioVersion = 10.0.40219.1
Project("{9A19103F-16F7-4668-BE54-9A1E7A4F7556}") = "cswebapi", "cswebapi.csproj", "{35F953DA-ACA1-4F1F-BC80-A0BD659EFDCF}"
EndProject
Global
	GlobalSection(SolutionConfigurationPlatforms) = preSolution
		Debug|Any CPU = Debug|Any CPU
		Release|Any CPU = Release|Any CPU
	EndGlobalSection
	GlobalSection(ProjectConfigurationPlatforms) = postSolution
		{35F953DA-ACA1-4F1F-BC80-A0BD659EFDCF}.Debug|Any CPU.ActiveCfg = Debug|Any CPU
		{35F953DA-ACA1-4F1F-BC80-A0BD659EFDCF}.Debug|Any CPU.Build.0 = Debug|Any CPU
		{35F953DA-ACA1-4F1F-BC80-A0BD659EFDCF}.Release|Any CPU.ActiveCfg = Release|Any CPU
		{35F953DA-ACA1-4F1F-BC80-A0BD659EFDCF}.Release|Any CPU.Build.0 = Release|Any CPU
	EndGlobalSection
	GlobalSection(SolutionProperties) = preSolution
		HideSolutionNode = FALSE
	EndGlobalSection
	GlobalSection(ExtensibilityGlobals) = postSolution
		SolutionGuid = {038176A1-09CD-4BAF-AED2-D831D6542A40}
	EndGlobalSection
EndGlobal
